
Microsoft Visual Studio Solution File, Format Version 12.00
# Visual Studio Version 17
VisualStudioVersion = 17.0.31903.59
MinimumVisualStudioVersion = 10.0.40219.1
Project("{FAE04EC0-301F-11D3-BF4B-00C04F79EFBC}") = "NPC.Library", "NPC.Library\NPC.Library.csproj", "{973C8364-52F1-42BD-A363-B325060047DF}"
EndProject
Project("{2150E333-8FDC-42A3-9474-1A3956D46DE8}") = "docs", "docs", "{D1A53E6A-1C57-4BB1-817E-692B9ACADAF3}"
	ProjectSection(SolutionItems) = preProject
		README.md = README.md
		docs\NPC_System_Architecture.md = docs\NPC_System_Architecture.md
	EndProjectSection
EndProject
Project("{FAE04EC0-301F-11D3-BF4B-00C04F79EFBC}") = "NPC.Village", "NPC.Village\NPC.Village.csproj", "{75151CEA-B580-46DB-B2BF-C2403933E4A5}"
EndProject
Project("{FAE04EC0-301F-11D3-BF4B-00C04F79EFBC}") = "NPC.UI.Console", "NPC.UI.Console\NPC.UI.Console.csproj", "{B8147C93-6B20-474E-B558-FAE9A3B216EA}"
EndProject
Project("{FAE04EC0-301F-11D3-BF4B-00C04F79EFBC}") = "NPC.Application", "NPC.Application\NPC.Application.csproj", "{A7D0D792-4D47-46DE-B428-56635AD6287B}"
EndProject
Project("{FAE04EC0-301F-11D3-BF4B-00C04F79EFBC}") = "NPC.UI.Isometric", "NPC.UI.Isometric\NPC.UI.Isometric.csproj", "{D3B57A7A-39BC-4C99-B04C-EEF5E883F11D}"
EndProject
Project("{FAE04EC0-301F-11D3-BF4B-00C04F79EFBC}") = "NPC.LLM", "NPC.LLM\NPC.LLM.csproj", "{88156512-7235-49AE-A204-B1079C3C989A}"
EndProject
Global
	GlobalSection(SolutionConfigurationPlatforms) = preSolution
		Debug|Any CPU = Debug|Any CPU
		Debug|x64 = Debug|x64
		Debug|x86 = Debug|x86
		Release|Any CPU = Release|Any CPU
		Release|x64 = Release|x64
		Release|x86 = Release|x86
	EndGlobalSection
	GlobalSection(ProjectConfigurationPlatforms) = postSolution
		{973C8364-52F1-42BD-A363-B325060047DF}.Debug|Any CPU.ActiveCfg = Debug|Any CPU
		{973C8364-52F1-42BD-A363-B325060047DF}.Debug|Any CPU.Build.0 = Debug|Any CPU
		{973C8364-52F1-42BD-A363-B325060047DF}.Debug|x64.ActiveCfg = Debug|Any CPU
		{973C8364-52F1-42BD-A363-B325060047DF}.Debug|x64.Build.0 = Debug|Any CPU
		{973C8364-52F1-42BD-A363-B325060047DF}.Debug|x86.ActiveCfg = Debug|Any CPU
		{973C8364-52F1-42BD-A363-B325060047DF}.Debug|x86.Build.0 = Debug|Any CPU
		{973C8364-52F1-42BD-A363-B325060047DF}.Release|Any CPU.ActiveCfg = Release|Any CPU
		{973C8364-52F1-42BD-A363-B325060047DF}.Release|Any CPU.Build.0 = Release|Any CPU
		{973C8364-52F1-42BD-A363-B325060047DF}.Release|x64.ActiveCfg = Release|Any CPU
		{973C8364-52F1-42BD-A363-B325060047DF}.Release|x64.Build.0 = Release|Any CPU
		{973C8364-52F1-42BD-A363-B325060047DF}.Release|x86.ActiveCfg = Release|Any CPU
		{973C8364-52F1-42BD-A363-B325060047DF}.Release|x86.Build.0 = Release|Any CPU
		{75151CEA-B580-46DB-B2BF-C2403933E4A5}.Debug|Any CPU.ActiveCfg = Debug|Any CPU
		{75151CEA-B580-46DB-B2BF-C2403933E4A5}.Debug|Any CPU.Build.0 = Debug|Any CPU
		{75151CEA-B580-46DB-B2BF-C2403933E4A5}.Debug|x64.ActiveCfg = Debug|Any CPU
		{75151CEA-B580-46DB-B2BF-C2403933E4A5}.Debug|x64.Build.0 = Debug|Any CPU
		{75151CEA-B580-46DB-B2BF-C2403933E4A5}.Debug|x86.ActiveCfg = Debug|Any CPU
		{75151CEA-B580-46DB-B2BF-C2403933E4A5}.Debug|x86.Build.0 = Debug|Any CPU
		{75151CEA-B580-46DB-B2BF-C2403933E4A5}.Release|Any CPU.ActiveCfg = Release|Any CPU
		{75151CEA-B580-46DB-B2BF-C2403933E4A5}.Release|Any CPU.Build.0 = Release|Any CPU
		{75151CEA-B580-46DB-B2BF-C2403933E4A5}.Release|x64.ActiveCfg = Release|Any CPU
		{75151CEA-B580-46DB-B2BF-C2403933E4A5}.Release|x64.Build.0 = Release|Any CPU
		{75151CEA-B580-46DB-B2BF-C2403933E4A5}.Release|x86.ActiveCfg = Release|Any CPU
		{75151CEA-B580-46DB-B2BF-C2403933E4A5}.Release|x86.Build.0 = Release|Any CPU
		{B8147C93-6B20-474E-B558-FAE9A3B216EA}.Debug|Any CPU.ActiveCfg = Debug|Any CPU
		{B8147C93-6B20-474E-B558-FAE9A3B216EA}.Debug|Any CPU.Build.0 = Debug|Any CPU
		{B8147C93-6B20-474E-B558-FAE9A3B216EA}.Debug|x64.ActiveCfg = Debug|Any CPU
		{B8147C93-6B20-474E-B558-FAE9A3B216EA}.Debug|x64.Build.0 = Debug|Any CPU
		{B8147C93-6B20-474E-B558-FAE9A3B216EA}.Debug|x86.ActiveCfg = Debug|Any CPU
		{B8147C93-6B20-474E-B558-FAE9A3B216EA}.Debug|x86.Build.0 = Debug|Any CPU
		{B8147C93-6B20-474E-B558-FAE9A3B216EA}.Release|Any CPU.ActiveCfg = Release|Any CPU
		{B8147C93-6B20-474E-B558-FAE9A3B216EA}.Release|Any CPU.Build.0 = Release|Any CPU
		{B8147C93-6B20-474E-B558-FAE9A3B216EA}.Release|x64.ActiveCfg = Release|Any CPU
		{B8147C93-6B20-474E-B558-FAE9A3B216EA}.Release|x64.Build.0 = Release|Any CPU
		{B8147C93-6B20-474E-B558-FAE9A3B216EA}.Release|x86.ActiveCfg = Release|Any CPU
		{B8147C93-6B20-474E-B558-FAE9A3B216EA}.Release|x86.Build.0 = Release|Any CPU
		{A7D0D792-4D47-46DE-B428-56635AD6287B}.Debug|Any CPU.ActiveCfg = Debug|Any CPU
		{A7D0D792-4D47-46DE-B428-56635AD6287B}.Debug|Any CPU.Build.0 = Debug|Any CPU
		{A7D0D792-4D47-46DE-B428-56635AD6287B}.Debug|x64.ActiveCfg = Debug|Any CPU
		{A7D0D792-4D47-46DE-B428-56635AD6287B}.Debug|x64.Build.0 = Debug|Any CPU
		{A7D0D792-4D47-46DE-B428-56635AD6287B}.Debug|x86.ActiveCfg = Debug|Any CPU
		{A7D0D792-4D47-46DE-B428-56635AD6287B}.Debug|x86.Build.0 = Debug|Any CPU
		{A7D0D792-4D47-46DE-B428-56635AD6287B}.Release|Any CPU.ActiveCfg = Release|Any CPU
		{A7D0D792-4D47-46DE-B428-56635AD6287B}.Release|Any CPU.Build.0 = Release|Any CPU
		{A7D0D792-4D47-46DE-B428-56635AD6287B}.Release|x64.ActiveCfg = Release|Any CPU
		{A7D0D792-4D47-46DE-B428-56635AD6287B}.Release|x64.Build.0 = Release|Any CPU
		{A7D0D792-4D47-46DE-B428-56635AD6287B}.Release|x86.ActiveCfg = Release|Any CPU
		{A7D0D792-4D47-46DE-B428-56635AD6287B}.Release|x86.Build.0 = Release|Any CPU
		{D3B57A7A-39BC-4C99-B04C-EEF5E883F11D}.Debug|Any CPU.ActiveCfg = Debug|Any CPU
		{D3B57A7A-39BC-4C99-B04C-EEF5E883F11D}.Debug|Any CPU.Build.0 = Debug|Any CPU
		{D3B57A7A-39BC-4C99-B04C-EEF5E883F11D}.Debug|x64.ActiveCfg = Debug|Any CPU
		{D3B57A7A-39BC-4C99-B04C-EEF5E883F11D}.Debug|x64.Build.0 = Debug|Any CPU
		{D3B57A7A-39BC-4C99-B04C-EEF5E883F11D}.Debug|x86.ActiveCfg = Debug|Any CPU
		{D3B57A7A-39BC-4C99-B04C-EEF5E883F11D}.Debug|x86.Build.0 = Debug|Any CPU
		{D3B57A7A-39BC-4C99-B04C-EEF5E883F11D}.Release|Any CPU.ActiveCfg = Release|Any CPU
		{D3B57A7A-39BC-4C99-B04C-EEF5E883F11D}.Release|Any CPU.Build.0 = Release|Any CPU
		{D3B57A7A-39BC-4C99-B04C-EEF5E883F11D}.Release|x64.ActiveCfg = Release|Any CPU
		{D3B57A7A-39BC-4C99-B04C-EEF5E883F11D}.Release|x64.Build.0 = Release|Any CPU
		{D3B57A7A-39BC-4C99-B04C-EEF5E883F11D}.Release|x86.ActiveCfg = Release|Any CPU
		{D3B57A7A-39BC-4C99-B04C-EEF5E883F11D}.Release|x86.Build.0 = Release|Any CPU
		{88156512-7235-49AE-A204-B1079C3C989A}.Debug|Any CPU.ActiveCfg = Debug|Any CPU
		{88156512-7235-49AE-A204-B1079C3C989A}.Debug|Any CPU.Build.0 = Debug|Any CPU
		{88156512-7235-49AE-A204-B1079C3C989A}.Debug|x64.ActiveCfg = Debug|Any CPU
		{88156512-7235-49AE-A204-B1079C3C989A}.Debug|x64.Build.0 = Debug|Any CPU
		{88156512-7235-49AE-A204-B1079C3C989A}.Debug|x86.ActiveCfg = Debug|Any CPU
		{88156512-7235-49AE-A204-B1079C3C989A}.Debug|x86.Build.0 = Debug|Any CPU
		{88156512-7235-49AE-A204-B1079C3C989A}.Release|Any CPU.ActiveCfg = Release|Any CPU
		{88156512-7235-49AE-A204-B1079C3C989A}.Release|Any CPU.Build.0 = Release|Any CPU
		{88156512-7235-49AE-A204-B1079C3C989A}.Release|x64.ActiveCfg = Release|Any CPU
		{88156512-7235-49AE-A204-B1079C3C989A}.Release|x64.Build.0 = Release|Any CPU
		{88156512-7235-49AE-A204-B1079C3C989A}.Release|x86.ActiveCfg = Release|Any CPU
		{88156512-7235-49AE-A204-B1079C3C989A}.Release|x86.Build.0 = Release|Any CPU
	EndGlobalSection
	GlobalSection(SolutionProperties) = preSolution
		HideSolutionNode = FALSE
	EndGlobalSection
EndGlobal
